
Microsoft Visual Studio Solution File, Format Version 12.00
# Visual Studio Version 16
VisualStudioVersion = 16.0.30611.23
MinimumVisualStudioVersion = 10.0.40219.1
Project("{9A19103F-16F7-4668-BE54-9A1E7A4F7556}") = "FDS.Api", "src\FDS.Api\FDS.Api.csproj", "{0495B269-C8FD-411B-8DEF-482C3F56F0E9}"
EndProject
Project("{2150E333-8FDC-42A3-9474-1A3956D46DE8}") = "src", "src", "{E0AC07A4-86B1-4A7E-8487-DDB89B9694C6}"
EndProject
Project("{E53339B2-1760-4266-BCC7-CA923CBCF16C}") = "docker-compose", "docker-compose.dcproj", "{80A6F99B-B661-4E9A-AC09-53E333DAC4F3}"
EndProject
Project("{2150E333-8FDC-42A3-9474-1A3956D46DE8}") = "Services", "Services", "{2100071D-A82B-4768-8EBC-4C180BDA4C98}"
EndProject
Project("{9A19103F-16F7-4668-BE54-9A1E7A4F7556}") = "FDS.Package.Service", "src\Services\FDS.Package.Service\FDS.Package.Service.csproj", "{B96B6822-2056-44F2-A8E3-4FCA37FB96FA}"
EndProject
Project("{2150E333-8FDC-42A3-9474-1A3956D46DE8}") = "Core", "Core", "{5B8ED089-508F-4AF0-843E-442857D80387}"
EndProject
Project("{9A19103F-16F7-4668-BE54-9A1E7A4F7556}") = "FDS.Common", "src\Core\FDS.Common\FDS.Common.csproj", "{A67429D3-1BA6-4307-88CF-4C17F4A7D71F}"
EndProject
Project("{2150E333-8FDC-42A3-9474-1A3956D46DE8}") = "Package", "Package", "{BD415622-3431-4C81-9D2F-7380C60EE89E}"
EndProject
Project("{2150E333-8FDC-42A3-9474-1A3956D46DE8}") = "Update", "Update", "{3FEF85B0-FC39-4B24-97C2-D2656C50EB96}"
EndProject
Project("{9A19103F-16F7-4668-BE54-9A1E7A4F7556}") = "FDS.Package.Domain", "src\Services\FDS.Package.Domain\FDS.Package.Domain.csproj", "{54378F06-4344-4BEB-A720-26040ED5A1C4}"
EndProject
Project("{9A19103F-16F7-4668-BE54-9A1E7A4F7556}") = "FDS.Update.Domain", "src\Services\FDS.Update.Domain\FDS.Update.Domain.csproj", "{84DE8EB5-1DA2-4E5F-AE8D-E5035952B0F4}"
EndProject
Project("{9A19103F-16F7-4668-BE54-9A1E7A4F7556}") = "FDS.Package.DapperRepository", "src\Services\FDS.Package.Repository\FDS.Package.DapperRepository.csproj", "{19D377AF-59A4-4283-9102-97CB6DFE0894}"
EndProject
Project("{9A19103F-16F7-4668-BE54-9A1E7A4F7556}") = "FDS.Update.DapperRepository", "src\Services\FDS.Update.DapperRepository\FDS.Update.DapperRepository.csproj", "{D9DCEDFE-9396-40E7-BB92-7D3520C53F16}"
EndProject
Project("{9A19103F-16F7-4668-BE54-9A1E7A4F7556}") = "FDS.Update.Service", "src\Services\FDS.Update.Service\FDS.Update.Service.csproj", "{0C5B1197-7246-45DC-9F64-06F79FABE017}"
EndProject
Global
	GlobalSection(SolutionConfigurationPlatforms) = preSolution
		Debug|Any CPU = Debug|Any CPU
		Release|Any CPU = Release|Any CPU
	EndGlobalSection
	GlobalSection(ProjectConfigurationPlatforms) = postSolution
		{0495B269-C8FD-411B-8DEF-482C3F56F0E9}.Debug|Any CPU.ActiveCfg = Debug|Any CPU
		{0495B269-C8FD-411B-8DEF-482C3F56F0E9}.Debug|Any CPU.Build.0 = Debug|Any CPU
		{0495B269-C8FD-411B-8DEF-482C3F56F0E9}.Release|Any CPU.ActiveCfg = Release|Any CPU
		{0495B269-C8FD-411B-8DEF-482C3F56F0E9}.Release|Any CPU.Build.0 = Release|Any CPU
		{80A6F99B-B661-4E9A-AC09-53E333DAC4F3}.Debug|Any CPU.ActiveCfg = Debug|Any CPU
		{80A6F99B-B661-4E9A-AC09-53E333DAC4F3}.Debug|Any CPU.Build.0 = Debug|Any CPU
		{80A6F99B-B661-4E9A-AC09-53E333DAC4F3}.Release|Any CPU.ActiveCfg = Release|Any CPU
		{80A6F99B-B661-4E9A-AC09-53E333DAC4F3}.Release|Any CPU.Build.0 = Release|Any CPU
		{B96B6822-2056-44F2-A8E3-4FCA37FB96FA}.Debug|Any CPU.ActiveCfg = Debug|Any CPU
		{B96B6822-2056-44F2-A8E3-4FCA37FB96FA}.Debug|Any CPU.Build.0 = Debug|Any CPU
		{B96B6822-2056-44F2-A8E3-4FCA37FB96FA}.Release|Any CPU.ActiveCfg = Release|Any CPU
		{B96B6822-2056-44F2-A8E3-4FCA37FB96FA}.Release|Any CPU.Build.0 = Release|Any CPU
		{A67429D3-1BA6-4307-88CF-4C17F4A7D71F}.Debug|Any CPU.ActiveCfg = Debug|Any CPU
		{A67429D3-1BA6-4307-88CF-4C17F4A7D71F}.Debug|Any CPU.Build.0 = Debug|Any CPU
		{A67429D3-1BA6-4307-88CF-4C17F4A7D71F}.Release|Any CPU.ActiveCfg = Release|Any CPU
		{A67429D3-1BA6-4307-88CF-4C17F4A7D71F}.Release|Any CPU.Build.0 = Release|Any CPU
		{54378F06-4344-4BEB-A720-26040ED5A1C4}.Debug|Any CPU.ActiveCfg = Debug|Any CPU
		{54378F06-4344-4BEB-A720-26040ED5A1C4}.Debug|Any CPU.Build.0 = Debug|Any CPU
		{54378F06-4344-4BEB-A720-26040ED5A1C4}.Release|Any CPU.ActiveCfg = Release|Any CPU
		{54378F06-4344-4BEB-A720-26040ED5A1C4}.Release|Any CPU.Build.0 = Release|Any CPU
		{84DE8EB5-1DA2-4E5F-AE8D-E5035952B0F4}.Debug|Any CPU.ActiveCfg = Debug|Any CPU
		{84DE8EB5-1DA2-4E5F-AE8D-E5035952B0F4}.Debug|Any CPU.Build.0 = Debug|Any CPU
		{84DE8EB5-1DA2-4E5F-AE8D-E5035952B0F4}.Release|Any CPU.ActiveCfg = Release|Any CPU
		{84DE8EB5-1DA2-4E5F-AE8D-E5035952B0F4}.Release|Any CPU.Build.0 = Release|Any CPU
		{19D377AF-59A4-4283-9102-97CB6DFE0894}.Debug|Any CPU.ActiveCfg = Debug|Any CPU
		{19D377AF-59A4-4283-9102-97CB6DFE0894}.Debug|Any CPU.Build.0 = Debug|Any CPU
		{19D377AF-59A4-4283-9102-97CB6DFE0894}.Release|Any CPU.ActiveCfg = Release|Any CPU
		{19D377AF-59A4-4283-9102-97CB6DFE0894}.Release|Any CPU.Build.0 = Release|Any CPU
		{D9DCEDFE-9396-40E7-BB92-7D3520C53F16}.Debug|Any CPU.ActiveCfg = Debug|Any CPU
		{D9DCEDFE-9396-40E7-BB92-7D3520C53F16}.Debug|Any CPU.Build.0 = Debug|Any CPU
		{D9DCEDFE-9396-40E7-BB92-7D3520C53F16}.Release|Any CPU.ActiveCfg = Release|Any CPU
		{D9DCEDFE-9396-40E7-BB92-7D3520C53F16}.Release|Any CPU.Build.0 = Release|Any CPU
		{0C5B1197-7246-45DC-9F64-06F79FABE017}.Debug|Any CPU.ActiveCfg = Debug|Any CPU
		{0C5B1197-7246-45DC-9F64-06F79FABE017}.Debug|Any CPU.Build.0 = Debug|Any CPU
		{0C5B1197-7246-45DC-9F64-06F79FABE017}.Release|Any CPU.ActiveCfg = Release|Any CPU
		{0C5B1197-7246-45DC-9F64-06F79FABE017}.Release|Any CPU.Build.0 = Release|Any CPU
	EndGlobalSection
	GlobalSection(SolutionProperties) = preSolution
		HideSolutionNode = FALSE
	EndGlobalSection
	GlobalSection(NestedProjects) = preSolution
		{0495B269-C8FD-411B-8DEF-482C3F56F0E9} = {E0AC07A4-86B1-4A7E-8487-DDB89B9694C6}
		{2100071D-A82B-4768-8EBC-4C180BDA4C98} = {E0AC07A4-86B1-4A7E-8487-DDB89B9694C6}
		{B96B6822-2056-44F2-A8E3-4FCA37FB96FA} = {BD415622-3431-4C81-9D2F-7380C60EE89E}
		{5B8ED089-508F-4AF0-843E-442857D80387} = {E0AC07A4-86B1-4A7E-8487-DDB89B9694C6}
		{A67429D3-1BA6-4307-88CF-4C17F4A7D71F} = {5B8ED089-508F-4AF0-843E-442857D80387}
		{BD415622-3431-4C81-9D2F-7380C60EE89E} = {2100071D-A82B-4768-8EBC-4C180BDA4C98}
		{3FEF85B0-FC39-4B24-97C2-D2656C50EB96} = {2100071D-A82B-4768-8EBC-4C180BDA4C98}
		{54378F06-4344-4BEB-A720-26040ED5A1C4} = {BD415622-3431-4C81-9D2F-7380C60EE89E}
		{84DE8EB5-1DA2-4E5F-AE8D-E5035952B0F4} = {3FEF85B0-FC39-4B24-97C2-D2656C50EB96}
		{19D377AF-59A4-4283-9102-97CB6DFE0894} = {BD415622-3431-4C81-9D2F-7380C60EE89E}
		{D9DCEDFE-9396-40E7-BB92-7D3520C53F16} = {3FEF85B0-FC39-4B24-97C2-D2656C50EB96}
		{0C5B1197-7246-45DC-9F64-06F79FABE017} = {3FEF85B0-FC39-4B24-97C2-D2656C50EB96}
	EndGlobalSection
	GlobalSection(ExtensibilityGlobals) = postSolution
		SolutionGuid = {F2BADCC3-ACD0-4BCE-85B0-B049CC28C3E0}
	EndGlobalSection
EndGlobal
